
Microsoft Visual Studio Solution File, Format Version 12.00
# Visual Studio 2012
Project("{930C7802-8A8C-48F9-8165-68863BCCD9DD}") = "itgAdobeFlash", "itgAdobeFlash\itgAdobeFlash.wixproj", "{DD87F827-EB44-46B7-BA89-E0A401828E2E}"
EndProject
Global
	GlobalSection(SolutionConfigurationPlatforms) = preSolution
		Release|x64 = Release|x64
		Release|x86 = Release|x86
	EndGlobalSection
	GlobalSection(ProjectConfigurationPlatforms) = postSolution
		{DD87F827-EB44-46B7-BA89-E0A401828E2E}.Release|x64.ActiveCfg = Release|x64
		{DD87F827-EB44-46B7-BA89-E0A401828E2E}.Release|x64.Build.0 = Release|x64
		{DD87F827-EB44-46B7-BA89-E0A401828E2E}.Release|x86.ActiveCfg = Release|x86
		{DD87F827-EB44-46B7-BA89-E0A401828E2E}.Release|x86.Build.0 = Release|x86
	EndGlobalSection
	GlobalSection(SolutionProperties) = preSolution
		HideSolutionNode = FALSE
	EndGlobalSection
EndGlobal
